
Microsoft Visual Studio Solution File, Format Version 12.00
# Visual Studio Version 16
VisualStudioVersion = 16.0.31129.286
MinimumVisualStudioVersion = 15.0.26124.0
Project("{9A19103F-16F7-4668-BE54-9A1E7A4F7556}") = "SakunaTools", "SakunaTools\SakunaTools.csproj", "{55C11E2F-7289-4865-B6B2-C23EE89C3302}"
EndProject
Project("{FAE04EC0-301F-11D3-BF4B-00C04F79EFBC}") = "TranslationUpdater", "TranslationUpdater\TranslationUpdater.csproj", "{E265A811-9E29-45BD-9529-D50D65E53610}"
EndProject
Global
	GlobalSection(SolutionConfigurationPlatforms) = preSolution
		Debug|Any CPU = Debug|Any CPU
		Debug|x64 = Debug|x64
		Debug|x86 = Debug|x86
		Release|Any CPU = Release|Any CPU
		Release|x64 = Release|x64
		Release|x86 = Release|x86
	EndGlobalSection
	GlobalSection(ProjectConfigurationPlatforms) = postSolution
		{55C11E2F-7289-4865-B6B2-C23EE89C3302}.Debug|Any CPU.ActiveCfg = Debug|Any CPU
		{55C11E2F-7289-4865-B6B2-C23EE89C3302}.Debug|Any CPU.Build.0 = Debug|Any CPU
		{55C11E2F-7289-4865-B6B2-C23EE89C3302}.Debug|x64.ActiveCfg = Debug|Any CPU
		{55C11E2F-7289-4865-B6B2-C23EE89C3302}.Debug|x64.Build.0 = Debug|Any CPU
		{55C11E2F-7289-4865-B6B2-C23EE89C3302}.Debug|x86.ActiveCfg = Debug|Any CPU
		{55C11E2F-7289-4865-B6B2-C23EE89C3302}.Debug|x86.Build.0 = Debug|Any CPU
		{55C11E2F-7289-4865-B6B2-C23EE89C3302}.Release|Any CPU.ActiveCfg = Release|Any CPU
		{55C11E2F-7289-4865-B6B2-C23EE89C3302}.Release|Any CPU.Build.0 = Release|Any CPU
		{55C11E2F-7289-4865-B6B2-C23EE89C3302}.Release|x64.ActiveCfg = Release|Any CPU
		{55C11E2F-7289-4865-B6B2-C23EE89C3302}.Release|x64.Build.0 = Release|Any CPU
		{55C11E2F-7289-4865-B6B2-C23EE89C3302}.Release|x86.ActiveCfg = Release|Any CPU
		{55C11E2F-7289-4865-B6B2-C23EE89C3302}.Release|x86.Build.0 = Release|Any CPU
		{E265A811-9E29-45BD-9529-D50D65E53610}.Debug|Any CPU.ActiveCfg = Debug|Any CPU
		{E265A811-9E29-45BD-9529-D50D65E53610}.Debug|Any CPU.Build.0 = Debug|Any CPU
		{E265A811-9E29-45BD-9529-D50D65E53610}.Debug|x64.ActiveCfg = Debug|Any CPU
		{E265A811-9E29-45BD-9529-D50D65E53610}.Debug|x64.Build.0 = Debug|Any CPU
		{E265A811-9E29-45BD-9529-D50D65E53610}.Debug|x86.ActiveCfg = Debug|Any CPU
		{E265A811-9E29-45BD-9529-D50D65E53610}.Debug|x86.Build.0 = Debug|Any CPU
		{E265A811-9E29-45BD-9529-D50D65E53610}.Release|Any CPU.ActiveCfg = Release|Any CPU
		{E265A811-9E29-45BD-9529-D50D65E53610}.Release|Any CPU.Build.0 = Release|Any CPU
		{E265A811-9E29-45BD-9529-D50D65E53610}.Release|x64.ActiveCfg = Release|Any CPU
		{E265A811-9E29-45BD-9529-D50D65E53610}.Release|x64.Build.0 = Release|Any CPU
		{E265A811-9E29-45BD-9529-D50D65E53610}.Release|x86.ActiveCfg = Release|Any CPU
		{E265A811-9E29-45BD-9529-D50D65E53610}.Release|x86.Build.0 = Release|Any CPU
	EndGlobalSection
	GlobalSection(SolutionProperties) = preSolution
		HideSolutionNode = FALSE
	EndGlobalSection
	GlobalSection(ExtensibilityGlobals) = postSolution
		SolutionGuid = {653D4458-8E13-4E8C-AD1A-FC74E9320E2C}
	EndGlobalSection
EndGlobal
